{
  "name": "o.js",
  "version": "0.3.5",
  "lockfileVersion": 1,
  "requires": true,
  "dependencies": {
    "abbrev": {
      "version": "1.1.0",
      "resolved": "https://registry.npmjs.org/abbrev/-/abbrev-1.1.0.tgz",
      "integrity": "sha1-0FVMIlZjbi9W58LlrRg/hZQo2B8="
    },
    "balanced-match": {
      "version": "0.4.2",
      "resolved": "https://registry.npmjs.org/balanced-match/-/balanced-match-0.4.2.tgz",
      "integrity": "sha1-yz8+PHMtwPAe5wtAPzAuYddwmDg="
    },
    "brace-expansion": {
      "version": "1.1.7",
      "resolved": "https://registry.npmjs.org/brace-expansion/-/brace-expansion-1.1.7.tgz",
      "integrity": "sha1-Pv/DxQ4ABTH7cg6v+A8K6O8jz1k=",
      "requires": {
        "balanced-match": "0.4.2",
        "concat-map": "0.0.1"
      }
    },
    "buffer-shims": {
      "version": "1.0.0",
      "resolved": "https://registry.npmjs.org/buffer-shims/-/buffer-shims-1.0.0.tgz",
      "integrity": "sha1-mXjOMXOIxkmth5MCjDR37wRKi1E="
    },
    "concat-map": {
      "version": "0.0.1",
      "resolved": "https://registry.npmjs.org/concat-map/-/concat-map-0.0.1.tgz",
      "integrity": "sha1-2Klr13/Wjfd5OnMDajug1UBdR3s="
    },
    "core-util-is": {
      "version": "1.0.2",
      "resolved": "https://registry.npmjs.org/core-util-is/-/core-util-is-1.0.2.tgz",
      "integrity": "sha1-tf1UIgqivFq1eqtxQMlAdUUDwac="
    },
    "exit": {
      "version": "0.1.2",
      "resolved": "https://registry.npmjs.org/exit/-/exit-0.1.2.tgz",
      "integrity": "sha1-BjJjj42HfMghB9MKD/8aF8uhzQw="
    },
    "fs.realpath": {
      "version": "1.0.0",
      "resolved": "https://registry.npmjs.org/fs.realpath/-/fs.realpath-1.0.0.tgz",
      "integrity": "sha1-FQStJSMVjKpA20onh8sBQRmU6k8="
    },
    "glob": {
      "version": "7.1.2",
      "resolved": "https://registry.npmjs.org/glob/-/glob-7.1.2.tgz",
      "integrity": "sha512-MJTUg1kjuLeQCJ+ccE4Vpa6kKVXkPYJ2mOCQyUuKLcLQsdrMCpBPUi8qVE6+YuaJkozeA9NusTAw3hLr8Xe5EQ==",
      "requires": {
        "fs.realpath": "1.0.0",
        "inflight": "1.0.6",
        "inherits": "2.0.3",
        "minimatch": "3.0.4",
        "once": "1.4.0",
        "path-is-absolute": "1.0.1"
      }
    },
    "inflight": {
      "version": "1.0.6",
      "resolved": "https://registry.npmjs.org/inflight/-/inflight-1.0.6.tgz",
      "integrity": "sha1-Sb1jMdfQLQwJvJEKEHW6gWW1bfk=",
      "requires": {
        "once": "1.4.0",
        "wrappy": "1.0.2"
      }
    },
    "inherits": {
      "version": "2.0.3",
      "resolved": "https://registry.npmjs.org/inherits/-/inherits-2.0.3.tgz",
      "integrity": "sha1-Yzwsg+PaQqUC9SRmAiSA9CCCYd4="
    },
    "isarray": {
      "version": "1.0.0",
      "resolved": "https://registry.npmjs.org/isarray/-/isarray-1.0.0.tgz",
      "integrity": "sha1-u5NdSFgsuhaMBoNJV6VKPgcSTxE="
    },
    "jasmine": {
      "version": "2.4.1",
      "resolved": "https://registry.npmjs.org/jasmine/-/jasmine-2.4.1.tgz",
      "integrity": "sha1-kBbdpFMhPSesbUPcTqlzFaGJCF4=",
      "dev": true,
      "requires": {
        "exit": "0.1.2",
        "glob": "3.2.11",
        "jasmine-core": "2.4.1"
      },
      "dependencies": {
        "exit": {
          "version": "0.1.2",
          "resolved": "https://registry.npmjs.org/exit/-/exit-0.1.2.tgz",
          "integrity": "sha1-BjJjj42HfMghB9MKD/8aF8uhzQw=",
          "dev": true
        },
        "glob": {
          "version": "3.2.11",
          "resolved": "https://registry.npmjs.org/glob/-/glob-3.2.11.tgz",
          "integrity": "sha1-Spc/Y1uRkPcV0QmH1cAP0oFevj0=",
          "dev": true,
          "requires": {
            "inherits": "2.0.1",
            "minimatch": "0.3.0"
          },
          "dependencies": {
            "inherits": {
              "version": "2.0.1",
              "resolved": "https://registry.npmjs.org/inherits/-/inherits-2.0.1.tgz",
              "integrity": "sha1-sX0I0ya0Qj5Wjv9xn5GwscvfafE=",
              "dev": true
            },
            "minimatch": {
              "version": "0.3.0",
              "resolved": "https://registry.npmjs.org/minimatch/-/minimatch-0.3.0.tgz",
              "integrity": "sha1-J12O2qxPG7MyZHIInnlJyDlGmd0=",
              "dev": true,
              "requires": {
                "lru-cache": "2.7.3",
                "sigmund": "1.0.1"
              },
              "dependencies": {
                "lru-cache": {
                  "version": "2.7.3",
                  "resolved": "https://registry.npmjs.org/lru-cache/-/lru-cache-2.7.3.tgz",
                  "integrity": "sha1-bUUk6LlV+V1PW1iFHOId1y+06VI=",
                  "dev": true
                },
                "sigmund": {
                  "version": "1.0.1",
                  "resolved": "https://registry.npmjs.org/sigmund/-/sigmund-1.0.1.tgz",
                  "integrity": "sha1-P/IfGYytIXX587eBhT/ZTQ0ZtZA=",
                  "dev": true
                }
              }
            }
          }
        },
        "jasmine-core": {
          "version": "2.4.1",
          "resolved": "https://registry.npmjs.org/jasmine-core/-/jasmine-core-2.4.1.tgz",
          "integrity": "sha1-b4OrOg8WlRcizgfSBsdz1XzIOL4=",
          "dev": true
        }
      }
    },
    "jslint": {
      "version": "0.10.3",
      "resolved": "https://registry.npmjs.org/jslint/-/jslint-0.10.3.tgz",
      "integrity": "sha1-iQ2j55ky7fBsX0tSp7W6ZDaGdDY=",
      "requires": {
        "exit": "0.1.2",
        "glob": "7.1.2",
        "nopt": "3.0.6",
        "readable-stream": "2.1.5"
      }
    },
    "minimatch": {
      "version": "3.0.4",
      "resolved": "https://registry.npmjs.org/minimatch/-/minimatch-3.0.4.tgz",
      "integrity": "sha512-yJHVQEhyqPLUTgt9B83PXu6W3rx4MvvHvSUvToogpwoGDOUQ+yDrR0HRot+yOCdCO7u4hX3pWft6kWBBcqh0UA==",
      "requires": {
        "brace-expansion": "1.1.7"
      }
    },
    "nopt": {
      "version": "3.0.6",
      "resolved": "https://registry.npmjs.org/nopt/-/nopt-3.0.6.tgz",
      "integrity": "sha1-xkZdvwirzU2zWTF/eaxopkayj/k=",
      "requires": {
        "abbrev": "1.1.0"
      }
    },
    "once": {
      "version": "1.4.0",
      "resolved": "https://registry.npmjs.org/once/-/once-1.4.0.tgz",
      "integrity": "sha1-WDsap3WWHUsROsF9nFC6753Xa9E=",
      "requires": {
        "wrappy": "1.0.2"
      }
    },
    "path-is-absolute": {
      "version": "1.0.1",
      "resolved": "https://registry.npmjs.org/path-is-absolute/-/path-is-absolute-1.0.1.tgz",
      "integrity": "sha1-F0uSaHNVNP+8es5r9TpanhtcX18="
    },
    "process-nextick-args": {
      "version": "1.0.7",
      "resolved": "https://registry.npmjs.org/process-nextick-args/-/process-nextick-args-1.0.7.tgz",
      "integrity": "sha1-FQ4gt1ZZCtP5EJPyWk8q2L/zC6M="
    },
    "q": {
      "version": "1.4.1",
      "resolved": "https://registry.npmjs.org/q/-/q-1.4.1.tgz",
      "integrity": "sha1-VXBbzZPF82c1MMLCy8DCs63cKG4="
    },
    "readable-stream": {
      "version": "2.1.5",
      "resolved": "https://registry.npmjs.org/readable-stream/-/readable-stream-2.1.5.tgz",
      "integrity": "sha1-ZvqLcg4UOLNkaB8q0aY8YYRIydA=",
      "requires": {
        "buffer-shims": "1.0.0",
        "core-util-is": "1.0.2",
        "inherits": "2.0.3",
        "isarray": "1.0.0",
        "process-nextick-args": "1.0.7",
        "string_decoder": "0.10.31",
        "util-deprecate": "1.0.2"
      }
    },
    "string_decoder": {
      "version": "0.10.31",
      "resolved": "https://registry.npmjs.org/string_decoder/-/string_decoder-0.10.31.tgz",
      "integrity": "sha1-YuIDvEF2bGwoyfyEMB2rHFMQ+pQ="
    },
    "uglify-js": {
      "version": "2.6.1",
      "resolved": "https://registry.npmjs.org/uglify-js/-/uglify-js-2.6.1.tgz",
      "integrity": "sha1-7bvhiIujUl3tOnv4NrMLNAXTFhs=",
      "dev": true,
      "requires": {
        "async": "0.2.10",
        "source-map": "0.5.3",
        "uglify-to-browserify": "1.0.2",
        "yargs": "3.10.0"
      },
      "dependencies": {
        "async": {
          "version": "0.2.10",
          "resolved": "https://registry.npmjs.org/async/-/async-0.2.10.tgz",
          "integrity": "sha1-trvgsGdLnXGXCMo43owjfLUmw9E=",
          "dev": true
        },
        "source-map": {
          "version": "0.5.3",
          "resolved": "https://registry.npmjs.org/source-map/-/source-map-0.5.3.tgz",
          "integrity": "sha1-gmdLhacbC+dsPnQW0V6fUlLrO+A=",
          "dev": true
        },
        "uglify-to-browserify": {
          "version": "1.0.2",
          "resolved": "https://registry.npmjs.org/uglify-to-browserify/-/uglify-to-browserify-1.0.2.tgz",
          "integrity": "sha1-bgkk1r2mta/jSeOabWMoUKD4grc=",
          "dev": true
        },
        "yargs": {
          "version": "3.10.0",
          "resolved": "https://registry.npmjs.org/yargs/-/yargs-3.10.0.tgz",
          "integrity": "sha1-9+572FfdfB0tOMDnTvvWgdFDH9E=",
          "dev": true,
          "requires": {
            "camelcase": "1.2.1",
            "cliui": "2.1.0",
            "decamelize": "1.1.2",
            "window-size": "0.1.0"
          },
          "dependencies": {
            "camelcase": {
              "version": "1.2.1",
              "resolved": "https://registry.npmjs.org/camelcase/-/camelcase-1.2.1.tgz",
              "integrity": "sha1-m7UwTS4LVmmLLHWLCKPqqdqlijk=",
              "dev": true
            },
            "cliui": {
              "version": "2.1.0",
              "resolved": "https://registry.npmjs.org/cliui/-/cliui-2.1.0.tgz",
              "integrity": "sha1-S0dXYP+AJkx2LDoXGQMukcf+oNE=",
              "dev": true,
              "requires": {
                "center-align": "0.1.3",
                "right-align": "0.1.3",
                "wordwrap": "0.0.2"
              },
              "dependencies": {
                "center-align": {
                  "version": "0.1.3",
                  "resolved": "https://registry.npmjs.org/center-align/-/center-align-0.1.3.tgz",
                  "integrity": "sha1-qg0yYptu6XIgBBHL1EYckHvCt60=",
                  "dev": true,
                  "requires": {
                    "align-text": "0.1.3",
                    "lazy-cache": "1.0.3"
                  },
                  "dependencies": {
                    "align-text": {
                      "version": "0.1.3",
                      "resolved": "https://registry.npmjs.org/align-text/-/align-text-0.1.3.tgz",
                      "integrity": "sha1-cts5g4cu7CMTkZyUJqmTpBr+k/c=",
                      "dev": true,
                      "requires": {
                        "kind-of": "2.0.1",
                        "longest": "1.0.1",
                        "repeat-string": "1.5.2"
                      },
                      "dependencies": {
                        "kind-of": {
                          "version": "2.0.1",
                          "resolved": "https://registry.npmjs.org/kind-of/-/kind-of-2.0.1.tgz",
                          "integrity": "sha1-AY7HpM5+OobLkUG+UZ0kyPqpgbU=",
                          "dev": true,
                          "requires": {
                            "is-buffer": "1.1.2"
                          },
                          "dependencies": {
                            "is-buffer": {
                              "version": "1.1.2",
                              "resolved": "https://registry.npmjs.org/is-buffer/-/is-buffer-1.1.2.tgz",
                              "integrity": "sha1-+hImWI+gBIsAXEfk+xuxVV1e3qo=",
                              "dev": true
                            }
                          }
                        },
                        "longest": {
                          "version": "1.0.1",
                          "resolved": "https://registry.npmjs.org/longest/-/longest-1.0.1.tgz",
                          "integrity": "sha1-MKCy2jj3N3DoKUoNIuZiXtd9AJc=",
                          "dev": true
                        },
                        "repeat-string": {
                          "version": "1.5.2",
                          "resolved": "https://registry.npmjs.org/repeat-string/-/repeat-string-1.5.2.tgz",
                          "integrity": "sha1-IQZfcHJ60FOg3V6VesngDHVg2Qo=",
                          "dev": true
                        }
                      }
                    },
                    "lazy-cache": {
                      "version": "1.0.3",
                      "resolved": "https://registry.npmjs.org/lazy-cache/-/lazy-cache-1.0.3.tgz",
                      "integrity": "sha1-6XdUYY+ciGu5mbL/aceLgkU9ZnQ=",
                      "dev": true
                    }
                  }
                },
                "right-align": {
                  "version": "0.1.3",
                  "resolved": "https://registry.npmjs.org/right-align/-/right-align-0.1.3.tgz",
                  "integrity": "sha1-YTObci/mo1FWiSENJOFMlhSGE+8=",
                  "dev": true,
                  "requires": {
                    "align-text": "0.1.3"
                  },
                  "dependencies": {
                    "align-text": {
                      "version": "0.1.3",
                      "resolved": "https://registry.npmjs.org/align-text/-/align-text-0.1.3.tgz",
                      "integrity": "sha1-cts5g4cu7CMTkZyUJqmTpBr+k/c=",
                      "dev": true,
                      "requires": {
                        "kind-of": "2.0.1",
                        "longest": "1.0.1",
                        "repeat-string": "1.5.2"
                      },
                      "dependencies": {
                        "kind-of": {
                          "version": "2.0.1",
                          "resolved": "https://registry.npmjs.org/kind-of/-/kind-of-2.0.1.tgz",
                          "integrity": "sha1-AY7HpM5+OobLkUG+UZ0kyPqpgbU=",
                          "dev": true,
                          "requires": {
                            "is-buffer": "1.1.2"
                          },
                          "dependencies": {
                            "is-buffer": {
                              "version": "1.1.2",
                              "resolved": "https://registry.npmjs.org/is-buffer/-/is-buffer-1.1.2.tgz",
                              "integrity": "sha1-+hImWI+gBIsAXEfk+xuxVV1e3qo=",
                              "dev": true
                            }
                          }
                        },
                        "longest": {
                          "version": "1.0.1",
                          "resolved": "https://registry.npmjs.org/longest/-/longest-1.0.1.tgz",
                          "integrity": "sha1-MKCy2jj3N3DoKUoNIuZiXtd9AJc=",
                          "dev": true
                        },
                        "repeat-string": {
                          "version": "1.5.2",
                          "resolved": "https://registry.npmjs.org/repeat-string/-/repeat-string-1.5.2.tgz",
                          "integrity": "sha1-IQZfcHJ60FOg3V6VesngDHVg2Qo=",
                          "dev": true
                        }
                      }
                    }
                  }
                },
                "wordwrap": {
                  "version": "0.0.2",
                  "resolved": "https://registry.npmjs.org/wordwrap/-/wordwrap-0.0.2.tgz",
                  "integrity": "sha1-t5Zpu0LstAn4PVg8rVLKF+qhZD8=",
                  "dev": true
                }
              }
            },
            "decamelize": {
              "version": "1.1.2",
              "resolved": "https://registry.npmjs.org/decamelize/-/decamelize-1.1.2.tgz",
              "integrity": "sha1-3Mk3J74gljLpiwJxjvTLeWAjIvI=",
              "dev": true,
              "requires": {
                "escape-string-regexp": "1.0.4"
              },
              "dependencies": {
                "escape-string-regexp": {
                  "version": "1.0.4",
                  "resolved": "https://registry.npmjs.org/escape-string-regexp/-/escape-string-regexp-1.0.4.tgz",
                  "integrity": "sha1-uF5nm0b3LQP7voo79yWdU1whti8=",
                  "dev": true
                }
              }
            },
            "window-size": {
              "version": "0.1.0",
              "resolved": "https://registry.npmjs.org/window-size/-/window-size-0.1.0.tgz",
              "integrity": "sha1-VDjNLqk7IC76Ohn+iIeu58lPnJ0=",
              "dev": true
            }
          }
        }
      }
    },
    "util-deprecate": {
      "version": "1.0.2",
      "resolved": "https://registry.npmjs.org/util-deprecate/-/util-deprecate-1.0.2.tgz",
      "integrity": "sha1-RQ1Nyfpw3nMnYvvS1KKJgUGaDM8="
    },
    "wrappy": {
      "version": "1.0.2",
      "resolved": "https://registry.npmjs.org/wrappy/-/wrappy-1.0.2.tgz",
      "integrity": "sha1-tSQ9jz7BqjXxNkYFvA0QNuMKtp8="
    },
    "xhr2": {
      "version": "0.1.3",
      "resolved": "https://registry.npmjs.org/xhr2/-/xhr2-0.1.3.tgz",
      "integrity": "sha1-y/xHWaabSoiOeM9PILBRA4dXvRE="
    }
  }
}
